{
    "_readme": [
        "This file locks the dependencies of your project to a known state",
        "Read more about it at https://getcomposer.org/doc/01-basic-usage.md#composer-lock-the-lock-file",
        "This file is @generated automatically"
    ],
    "content-hash": "73d6abcd8859145ad92e12241ad0652b",
    "packages": [
        {
            "name": "apache/log4php",
            "version": "2.3.0",
            "source": {
                "type": "git",
                "url": "https://git-wip-us.apache.org/repos/asf/logging-log4php.git",
                "reference": "cac428b6f67d2035af39784da1d1a299ef42fcf2"
            },
            "require": {
                "php": ">=5.2.7"
            },
            "type": "library",
            "autoload": {
                "classmap": [
                    "src/main/php/"
                ]
            },
            "notification-url": "https://packagist.org/downloads/",
            "license": [
                "Apache-2.0"
            ],
            "description": "A versatile logging framework for PHP",
            "homepage": "http://logging.apache.org/log4php/",
            "keywords": [
                "log",
                "logging",
                "php"
            ],
            "time": "2012-10-26T09:13:25+00:00"
        },
        {
            "name": "components/jquery",
            "version": "3.1.1",
            "source": {
                "type": "git",
                "url": "https://github.com/components/jquery.git",
                "reference": "09a1658378bc1f818856086396ebeab7d0ec2276"
            },
            "dist": {
                "type": "zip",
                "url": "https://api.github.com/repos/components/jquery/zipball/09a1658378bc1f818856086396ebeab7d0ec2276",
                "reference": "09a1658378bc1f818856086396ebeab7d0ec2276",
                "shasum": ""
            },
            "type": "component",
            "extra": {
                "component": {
                    "scripts": [
                        "jquery.js"
                    ],
                    "files": [
                        "jquery.min.js",
                        "jquery.min.map"
                    ]
                }
            },
            "notification-url": "https://packagist.org/downloads/",
            "license": [
                "MIT"
            ],
            "authors": [
                {
                    "name": "John Resig",
                    "email": "jeresig@gmail.com"
                }
            ],
            "description": "jQuery JavaScript Library",
            "homepage": "http://jquery.com",
            "time": "2016-09-23T06:06:29+00:00"
        },
        {
            "name": "smarty/smarty",
            "version": "v3.1.31",
            "source": {
                "type": "git",
                "url": "https://github.com/smarty-php/smarty.git",
                "reference": "c7d42e4a327c402897dd587871434888fde1e7a9"
            },
            "dist": {
                "type": "zip",
                "url": "https://api.github.com/repos/smarty-php/smarty/zipball/c7d42e4a327c402897dd587871434888fde1e7a9",
                "reference": "c7d42e4a327c402897dd587871434888fde1e7a9",
                "shasum": ""
            },
            "require": {
                "php": ">=5.2"
            },
            "type": "library",
            "extra": {
                "branch-alias": {
                    "dev-master": "3.1.x-dev"
                }
            },
            "autoload": {
                "files": [
                    "libs/bootstrap.php"
                ]
            },
            "notification-url": "https://packagist.org/downloads/",
            "license": [
                "LGPL-3.0"
            ],
            "authors": [
                {
                    "name": "Monte Ohrt",
                    "email": "monte@ohrt.com"
                },
                {
                    "name": "Uwe Tews",
                    "email": "uwe.tews@googlemail.com"
                },
                {
                    "name": "Rodney Rehm",
                    "email": "rodney.rehm@medialize.de"
                }
            ],
            "description": "Smarty - the compiling PHP template engine",
            "homepage": "http://www.smarty.net",
            "keywords": [
                "templating"
            ],
            "time": "2016-12-14T21:57:25+00:00"
        }
    ],
    "packages-dev": [],
    "aliases": [],
    "minimum-stability": "stable",
    "stability-flags": [],
    "prefer-stable": false,
    "prefer-lowest": false,
    "platform": {
        "php": ">5.3.0"
    },
    "platform-dev": []
}
